// !$*UTF8*$!
{
	archiveVersion = 1;
	classes = {
	};
	objectVersion = 48;
	objects = {

/* Begin PBXBuildFile section */
		1E0EC1441FF27F1300449C4C /* CreateCarnetView.swift in Sources */ = {isa = PBXBuildFile; fileRef = 1E0EC1431FF27F1300449C4C /* CreateCarnetView.swift */; };
		1E0EC1461FF27F3100449C4C /* CreatePageView.swift in Sources */ = {isa = PBXBuildFile; fileRef = 1E0EC1451FF27F3100449C4C /* CreatePageView.swift */; };
		1E323AFE1FEC491F0059999F /* PageListView.swift in Sources */ = {isa = PBXBuildFile; fileRef = 1E323AFD1FEC491F0059999F /* PageListView.swift */; };
		1E323B041FEC85B90059999F /* PageView.swift in Sources */ = {isa = PBXBuildFile; fileRef = 1E323B031FEC85B90059999F /* PageView.swift */; };
		1E3A040A1FF408AE002F0AF4 /* IQTextView.swift in Sources */ = {isa = PBXBuildFile; fileRef = 1E3A03F41FF408AE002F0AF4 /* IQTextView.swift */; };
		1E3A040B1FF408AE002F0AF4 /* IQPreviousNextView.swift in Sources */ = {isa = PBXBuildFile; fileRef = 1E3A03F61FF408AE002F0AF4 /* IQPreviousNextView.swift */; };
		1E3A040C1FF408AE002F0AF4 /* IQTitleBarButtonItem.swift in Sources */ = {isa = PBXBuildFile; fileRef = 1E3A03F71FF408AE002F0AF4 /* IQTitleBarButtonItem.swift */; };
		1E3A040D1FF408AE002F0AF4 /* IQBarButtonItem.swift in Sources */ = {isa = PBXBuildFile; fileRef = 1E3A03F81FF408AE002F0AF4 /* IQBarButtonItem.swift */; };
		1E3A040E1FF408AE002F0AF4 /* IQToolbar.swift in Sources */ = {isa = PBXBuildFile; fileRef = 1E3A03F91FF408AE002F0AF4 /* IQToolbar.swift */; };
		1E3A040F1FF408AE002F0AF4 /* IQUIView+IQKeyboardToolbar.swift in Sources */ = {isa = PBXBuildFile; fileRef = 1E3A03FA1FF408AE002F0AF4 /* IQUIView+IQKeyboardToolbar.swift */; };
		1E3A04101FF408AE002F0AF4 /* IQKeyboardManagerConstantsInternal.swift in Sources */ = {isa = PBXBuildFile; fileRef = 1E3A03FC1FF408AE002F0AF4 /* IQKeyboardManagerConstantsInternal.swift */; };
		1E3A04111FF408AE002F0AF4 /* IQKeyboardManagerConstants.swift in Sources */ = {isa = PBXBuildFile; fileRef = 1E3A03FD1FF408AE002F0AF4 /* IQKeyboardManagerConstants.swift */; };
		1E3A04121FF408AE002F0AF4 /* IQKeyboardManager.bundle in Resources */ = {isa = PBXBuildFile; fileRef = 1E3A03FF1FF408AE002F0AF4 /* IQKeyboardManager.bundle */; };
		1E3A04131FF408AE002F0AF4 /* IQKeyboardReturnKeyHandler.swift in Sources */ = {isa = PBXBuildFile; fileRef = 1E3A04001FF408AE002F0AF4 /* IQKeyboardReturnKeyHandler.swift */; };
		1E3A04141FF408AE002F0AF4 /* IQKeyboardManager.swift in Sources */ = {isa = PBXBuildFile; fileRef = 1E3A04011FF408AE002F0AF4 /* IQKeyboardManager.swift */; };
		1E3A04151FF408AE002F0AF4 /* IQUIWindow+Hierarchy.swift in Sources */ = {isa = PBXBuildFile; fileRef = 1E3A04041FF408AE002F0AF4 /* IQUIWindow+Hierarchy.swift */; };
		1E3A04161FF408AE002F0AF4 /* IQUIScrollView+Additions.swift in Sources */ = {isa = PBXBuildFile; fileRef = 1E3A04051FF408AE002F0AF4 /* IQUIScrollView+Additions.swift */; };
		1E3A04171FF408AE002F0AF4 /* IQUIViewController+Additions.swift in Sources */ = {isa = PBXBuildFile; fileRef = 1E3A04061FF408AE002F0AF4 /* IQUIViewController+Additions.swift */; };
		1E3A04181FF408AE002F0AF4 /* IQUITextFieldView+Additions.swift in Sources */ = {isa = PBXBuildFile; fileRef = 1E3A04071FF408AE002F0AF4 /* IQUITextFieldView+Additions.swift */; };
		1E3A04191FF408AE002F0AF4 /* IQUIView+Hierarchy.swift in Sources */ = {isa = PBXBuildFile; fileRef = 1E3A04081FF408AE002F0AF4 /* IQUIView+Hierarchy.swift */; };
		1E3A041A1FF408AE002F0AF4 /* IQNSArray+Sort.swift in Sources */ = {isa = PBXBuildFile; fileRef = 1E3A04091FF408AE002F0AF4 /* IQNSArray+Sort.swift */; };
		1E45644A1FF179E7003C8EF3 /* RegisterViewController.swift in Sources */ = {isa = PBXBuildFile; fileRef = 1E4564491FF179E7003C8EF3 /* RegisterViewController.swift */; };
		1E4564521FF1AE4A003C8EF3 /* LoginViewController.swift in Sources */ = {isa = PBXBuildFile; fileRef = 1E4564511FF1AE4A003C8EF3 /* LoginViewController.swift */; };
		1EC4E21B1FE6D5980010A964 /* Bdd.swift in Sources */ = {isa = PBXBuildFile; fileRef = 1EC4E21A1FE6D5980010A964 /* Bdd.swift */; };
		1EDC557520043B93003BD0EC /* SQLite.framework in Frameworks */ = {isa = PBXBuildFile; fileRef = 1E78AAC72003ACFF00E633A9 /* SQLite.framework */; };
		1EDC557620043B98003BD0EC /* SQLite.framework in Frameworks */ = {isa = PBXBuildFile; fileRef = 1E78AAC72003ACFF00E633A9 /* SQLite.framework */; };
		1EDC557720043B98003BD0EC /* SQLite.framework in Embed Frameworks */ = {isa = PBXBuildFile; fileRef = 1E78AAC72003ACFF00E633A9 /* SQLite.framework */; settings = {ATTRIBUTES = (CodeSignOnCopy, RemoveHeadersOnCopy, ); }; };
		1EED1A411FEA8AC400B118E4 /* CarnetListView.swift in Sources */ = {isa = PBXBuildFile; fileRef = 1EED1A401FEA8AC400B118E4 /* CarnetListView.swift */; };
		1EED1A491FEAA95500B118E4 /* DAO.swift in Sources */ = {isa = PBXBuildFile; fileRef = 1EED1A481FEAA95500B118E4 /* DAO.swift */; };
		5580331C1FE2E6FD00F1C3A2 /* AppDelegate.swift in Sources */ = {isa = PBXBuildFile; fileRef = 5580331B1FE2E6FD00F1C3A2 /* AppDelegate.swift */; };
		558033211FE2E6FD00F1C3A2 /* Main.storyboard in Resources */ = {isa = PBXBuildFile; fileRef = 5580331F1FE2E6FD00F1C3A2 /* Main.storyboard */; };
		558033241FE2E6FD00F1C3A2 /* BagManIOs.xcdatamodeld in Sources */ = {isa = PBXBuildFile; fileRef = 558033221FE2E6FD00F1C3A2 /* BagManIOs.xcdatamodeld */; };
		558033261FE2E6FD00F1C3A2 /* Assets.xcassets in Resources */ = {isa = PBXBuildFile; fileRef = 558033251FE2E6FD00F1C3A2 /* Assets.xcassets */; };
		558033291FE2E6FD00F1C3A2 /* LaunchScreen.storyboard in Resources */ = {isa = PBXBuildFile; fileRef = 558033271FE2E6FD00F1C3A2 /* LaunchScreen.storyboard */; };
		558033341FE2E6FD00F1C3A2 /* BagManIOsTests.swift in Sources */ = {isa = PBXBuildFile; fileRef = 558033331FE2E6FD00F1C3A2 /* BagManIOsTests.swift */; };
		5580333F1FE2E6FD00F1C3A2 /* BagManIOsUITests.swift in Sources */ = {isa = PBXBuildFile; fileRef = 5580333E1FE2E6FD00F1C3A2 /* BagManIOsUITests.swift */; };
		5580334D1FE2E7EE00F1C3A2 /* BaseModel.swift in Sources */ = {isa = PBXBuildFile; fileRef = 5580334C1FE2E7EE00F1C3A2 /* BaseModel.swift */; };
		5580334F1FE2E80200F1C3A2 /* Carnet.swift in Sources */ = {isa = PBXBuildFile; fileRef = 5580334E1FE2E80200F1C3A2 /* Carnet.swift */; };
		558033511FE2E80B00F1C3A2 /* Page.swift in Sources */ = {isa = PBXBuildFile; fileRef = 558033501FE2E80B00F1C3A2 /* Page.swift */; };
/* End PBXBuildFile section */

/* Begin PBXContainerItemProxy section */
		1E78AAC62003ACFF00E633A9 /* PBXContainerItemProxy */ = {
			isa = PBXContainerItemProxy;
			containerPortal = 1E78AABC2003ACFF00E633A9 /* SQLite.xcodeproj */;
			proxyType = 2;
			remoteGlobalIDString = EE247AD31C3F04ED00AE3E12;
			remoteInfo = "SQLite iOS";
		};
		1E78AAC82003ACFF00E633A9 /* PBXContainerItemProxy */ = {
			isa = PBXContainerItemProxy;
			containerPortal = 1E78AABC2003ACFF00E633A9 /* SQLite.xcodeproj */;
			proxyType = 2;
			remoteGlobalIDString = EE247ADD1C3F04ED00AE3E12;
			remoteInfo = "SQLiteTests iOS";
		};
		1E78AACA2003ACFF00E633A9 /* PBXContainerItemProxy */ = {
			isa = PBXContainerItemProxy;
			containerPortal = 1E78AABC2003ACFF00E633A9 /* SQLite.xcodeproj */;
			proxyType = 2;
			remoteGlobalIDString = EE247B3C1C3F3ED000AE3E12;
			remoteInfo = "SQLite Mac";
		};
		1E78AACC2003ACFF00E633A9 /* PBXContainerItemProxy */ = {
			isa = PBXContainerItemProxy;
			containerPortal = 1E78AABC2003ACFF00E633A9 /* SQLite.xcodeproj */;
			proxyType = 2;
			remoteGlobalIDString = EE247B451C3F3ED000AE3E12;
			remoteInfo = "SQLiteTests Mac";
		};
		1E78AACE2003ACFF00E633A9 /* PBXContainerItemProxy */ = {
			isa = PBXContainerItemProxy;
			containerPortal = 1E78AABC2003ACFF00E633A9 /* SQLite.xcodeproj */;
			proxyType = 2;
			remoteGlobalIDString = 03A65E5A1C6BB0F50062603F;
			remoteInfo = "SQLite tvOS";
		};
		1E78AAD02003ACFF00E633A9 /* PBXContainerItemProxy */ = {
			isa = PBXContainerItemProxy;
			containerPortal = 1E78AABC2003ACFF00E633A9 /* SQLite.xcodeproj */;
			proxyType = 2;
			remoteGlobalIDString = 03A65E631C6BB0F60062603F;
			remoteInfo = "SQLiteTests tvOS";
		};
		1E78AAD22003ACFF00E633A9 /* PBXContainerItemProxy */ = {
			isa = PBXContainerItemProxy;
			containerPortal = 1E78AABC2003ACFF00E633A9 /* SQLite.xcodeproj */;
			proxyType = 2;
			remoteGlobalIDString = A121AC451CA35C79005A31D1;
			remoteInfo = "SQLite watchOS";
		};
		1EDC557820043B98003BD0EC /* PBXContainerItemProxy */ = {
			isa = PBXContainerItemProxy;
			containerPortal = 1E78AABC2003ACFF00E633A9 /* SQLite.xcodeproj */;
			proxyType = 1;
			remoteGlobalIDString = EE247AD21C3F04ED00AE3E12;
			remoteInfo = "SQLite iOS";
		};
		558033301FE2E6FD00F1C3A2 /* PBXContainerItemProxy */ = {
			isa = PBXContainerItemProxy;
			containerPortal = 558033101FE2E6FD00F1C3A2 /* Project object */;
			proxyType = 1;
			remoteGlobalIDString = 558033171FE2E6FD00F1C3A2;
			remoteInfo = BagManIOs;
		};
		5580333B1FE2E6FD00F1C3A2 /* PBXContainerItemProxy */ = {
			isa = PBXContainerItemProxy;
			containerPortal = 558033101FE2E6FD00F1C3A2 /* Project object */;
			proxyType = 1;
			remoteGlobalIDString = 558033171FE2E6FD00F1C3A2;
			remoteInfo = BagManIOs;
		};
/* End PBXContainerItemProxy section */

/* Begin PBXCopyFilesBuildPhase section */
		1EDC557A20043B98003BD0EC /* Embed Frameworks */ = {
			isa = PBXCopyFilesBuildPhase;
			buildActionMask = 2147483647;
			dstPath = "";
			dstSubfolderSpec = 10;
			files = (
				1EDC557720043B98003BD0EC /* SQLite.framework in Embed Frameworks */,
			);
			name = "Embed Frameworks";
			runOnlyForDeploymentPostprocessing = 0;
		};
/* End PBXCopyFilesBuildPhase section */

/* Begin PBXFileReference section */
		1E0EC1431FF27F1300449C4C /* CreateCarnetView.swift */ = {isa = PBXFileReference; lastKnownFileType = sourcecode.swift; path = CreateCarnetView.swift; sourceTree = "<group>"; };
		1E0EC1451FF27F3100449C4C /* CreatePageView.swift */ = {isa = PBXFileReference; lastKnownFileType = sourcecode.swift; path = CreatePageView.swift; sourceTree = "<group>"; };
		1E323AFD1FEC491F0059999F /* PageListView.swift */ = {isa = PBXFileReference; lastKnownFileType = sourcecode.swift; path = PageListView.swift; sourceTree = "<group>"; };
		1E323B031FEC85B90059999F /* PageView.swift */ = {isa = PBXFileReference; lastKnownFileType = sourcecode.swift; path = PageView.swift; sourceTree = "<group>"; };
		1E3A03F41FF408AE002F0AF4 /* IQTextView.swift */ = {isa = PBXFileReference; fileEncoding = 4; lastKnownFileType = sourcecode.swift; path = IQTextView.swift; sourceTree = "<group>"; };
		1E3A03F61FF408AE002F0AF4 /* IQPreviousNextView.swift */ = {isa = PBXFileReference; fileEncoding = 4; lastKnownFileType = sourcecode.swift; path = IQPreviousNextView.swift; sourceTree = "<group>"; };
		1E3A03F71FF408AE002F0AF4 /* IQTitleBarButtonItem.swift */ = {isa = PBXFileReference; fileEncoding = 4; lastKnownFileType = sourcecode.swift; path = IQTitleBarButtonItem.swift; sourceTree = "<group>"; };
		1E3A03F81FF408AE002F0AF4 /* IQBarButtonItem.swift */ = {isa = PBXFileReference; fileEncoding = 4; lastKnownFileType = sourcecode.swift; path = IQBarButtonItem.swift; sourceTree = "<group>"; };
		1E3A03F91FF408AE002F0AF4 /* IQToolbar.swift */ = {isa = PBXFileReference; fileEncoding = 4; lastKnownFileType = sourcecode.swift; path = IQToolbar.swift; sourceTree = "<group>"; };
		1E3A03FA1FF408AE002F0AF4 /* IQUIView+IQKeyboardToolbar.swift */ = {isa = PBXFileReference; fileEncoding = 4; lastKnownFileType = sourcecode.swift; path = "IQUIView+IQKeyboardToolbar.swift"; sourceTree = "<group>"; };
		1E3A03FC1FF408AE002F0AF4 /* IQKeyboardManagerConstantsInternal.swift */ = {isa = PBXFileReference; fileEncoding = 4; lastKnownFileType = sourcecode.swift; path = IQKeyboardManagerConstantsInternal.swift; sourceTree = "<group>"; };
		1E3A03FD1FF408AE002F0AF4 /* IQKeyboardManagerConstants.swift */ = {isa = PBXFileReference; fileEncoding = 4; lastKnownFileType = sourcecode.swift; path = IQKeyboardManagerConstants.swift; sourceTree = "<group>"; };
		1E3A03FF1FF408AE002F0AF4 /* IQKeyboardManager.bundle */ = {isa = PBXFileReference; lastKnownFileType = "wrapper.plug-in"; path = IQKeyboardManager.bundle; sourceTree = "<group>"; };
		1E3A04001FF408AE002F0AF4 /* IQKeyboardReturnKeyHandler.swift */ = {isa = PBXFileReference; fileEncoding = 4; lastKnownFileType = sourcecode.swift; path = IQKeyboardReturnKeyHandler.swift; sourceTree = "<group>"; };
		1E3A04011FF408AE002F0AF4 /* IQKeyboardManager.swift */ = {isa = PBXFileReference; fileEncoding = 4; lastKnownFileType = sourcecode.swift; path = IQKeyboardManager.swift; sourceTree = "<group>"; };
		1E3A04021FF408AE002F0AF4 /* IQKeyboardManagerSwift.h */ = {isa = PBXFileReference; fileEncoding = 4; lastKnownFileType = sourcecode.c.h; path = IQKeyboardManagerSwift.h; sourceTree = "<group>"; };
		1E3A04041FF408AE002F0AF4 /* IQUIWindow+Hierarchy.swift */ = {isa = PBXFileReference; fileEncoding = 4; lastKnownFileType = sourcecode.swift; path = "IQUIWindow+Hierarchy.swift"; sourceTree = "<group>"; };
		1E3A04051FF408AE002F0AF4 /* IQUIScrollView+Additions.swift */ = {isa = PBXFileReference; fileEncoding = 4; lastKnownFileType = sourcecode.swift; path = "IQUIScrollView+Additions.swift"; sourceTree = "<group>"; };
		1E3A04061FF408AE002F0AF4 /* IQUIViewController+Additions.swift */ = {isa = PBXFileReference; fileEncoding = 4; lastKnownFileType = sourcecode.swift; path = "IQUIViewController+Additions.swift"; sourceTree = "<group>"; };
		1E3A04071FF408AE002F0AF4 /* IQUITextFieldView+Additions.swift */ = {isa = PBXFileReference; fileEncoding = 4; lastKnownFileType = sourcecode.swift; path = "IQUITextFieldView+Additions.swift"; sourceTree = "<group>"; };
		1E3A04081FF408AE002F0AF4 /* IQUIView+Hierarchy.swift */ = {isa = PBXFileReference; fileEncoding = 4; lastKnownFileType = sourcecode.swift; path = "IQUIView+Hierarchy.swift"; sourceTree = "<group>"; };
		1E3A04091FF408AE002F0AF4 /* IQNSArray+Sort.swift */ = {isa = PBXFileReference; fileEncoding = 4; lastKnownFileType = sourcecode.swift; path = "IQNSArray+Sort.swift"; sourceTree = "<group>"; };
		1E4564491FF179E7003C8EF3 /* RegisterViewController.swift */ = {isa = PBXFileReference; lastKnownFileType = sourcecode.swift; path = RegisterViewController.swift; sourceTree = "<group>"; };
		1E4564511FF1AE4A003C8EF3 /* LoginViewController.swift */ = {isa = PBXFileReference; lastKnownFileType = sourcecode.swift; path = LoginViewController.swift; sourceTree = "<group>"; };
		1E78AABC2003ACFF00E633A9 /* SQLite.xcodeproj */ = {isa = PBXFileReference; lastKnownFileType = "wrapper.pb-project"; name = SQLite.xcodeproj; path = "BagManIOs/SQLite.swift-master/SQLite.xcodeproj"; sourceTree = "<group>"; };
		1E7C1BCB1FF5B37D00D1A2EF /* BagManIOs.entitlements */ = {isa = PBXFileReference; lastKnownFileType = text.plist.entitlements; path = BagManIOs.entitlements; sourceTree = "<group>"; };
		1EC4E21A1FE6D5980010A964 /* Bdd.swift */ = {isa = PBXFileReference; lastKnownFileType = sourcecode.swift; path = Bdd.swift; sourceTree = "<group>"; };
		1EED1A401FEA8AC400B118E4 /* CarnetListView.swift */ = {isa = PBXFileReference; lastKnownFileType = sourcecode.swift; path = CarnetListView.swift; sourceTree = "<group>"; };
		1EED1A481FEAA95500B118E4 /* DAO.swift */ = {isa = PBXFileReference; lastKnownFileType = sourcecode.swift; path = DAO.swift; sourceTree = "<group>"; };
		5516CE431FEBE57700F5BBC4 /* BagManIOs.xcodeproj */ = {isa = PBXFileReference; lastKnownFileType = "wrapper.pb-project"; path = BagManIOs.xcodeproj; sourceTree = "<group>"; };
		5516CE471FEBE64000F5BBC4 /* BagManIOs */ = {isa = PBXFileReference; lastKnownFileType = folder; path = BagManIOs; sourceTree = "<group>"; };
		558033181FE2E6FD00F1C3A2 /* BagManIOs.app */ = {isa = PBXFileReference; explicitFileType = wrapper.application; includeInIndex = 0; path = BagManIOs.app; sourceTree = BUILT_PRODUCTS_DIR; };
		5580331B1FE2E6FD00F1C3A2 /* AppDelegate.swift */ = {isa = PBXFileReference; lastKnownFileType = sourcecode.swift; path = AppDelegate.swift; sourceTree = "<group>"; };
		558033201FE2E6FD00F1C3A2 /* Base */ = {isa = PBXFileReference; lastKnownFileType = file.storyboard; name = Base; path = Base.lproj/Main.storyboard; sourceTree = "<group>"; };
		558033231FE2E6FD00F1C3A2 /* BagManIOs.xcdatamodel */ = {isa = PBXFileReference; lastKnownFileType = wrapper.xcdatamodel; path = BagManIOs.xcdatamodel; sourceTree = "<group>"; };
		558033251FE2E6FD00F1C3A2 /* Assets.xcassets */ = {isa = PBXFileReference; lastKnownFileType = folder.assetcatalog; path = Assets.xcassets; sourceTree = "<group>"; };
		558033281FE2E6FD00F1C3A2 /* Base */ = {isa = PBXFileReference; lastKnownFileType = file.storyboard; name = Base; path = Base.lproj/LaunchScreen.storyboard; sourceTree = "<group>"; };
		5580332A1FE2E6FD00F1C3A2 /* Info.plist */ = {isa = PBXFileReference; lastKnownFileType = text.plist.xml; path = Info.plist; sourceTree = "<group>"; };
		5580332F1FE2E6FD00F1C3A2 /* BagManIOsTests.xctest */ = {isa = PBXFileReference; explicitFileType = wrapper.cfbundle; includeInIndex = 0; path = BagManIOsTests.xctest; sourceTree = BUILT_PRODUCTS_DIR; };
		558033331FE2E6FD00F1C3A2 /* BagManIOsTests.swift */ = {isa = PBXFileReference; lastKnownFileType = sourcecode.swift; path = BagManIOsTests.swift; sourceTree = "<group>"; };
		558033351FE2E6FD00F1C3A2 /* Info.plist */ = {isa = PBXFileReference; lastKnownFileType = text.plist.xml; path = Info.plist; sourceTree = "<group>"; };
		5580333A1FE2E6FD00F1C3A2 /* BagManIOsUITests.xctest */ = {isa = PBXFileReference; explicitFileType = wrapper.cfbundle; includeInIndex = 0; path = BagManIOsUITests.xctest; sourceTree = BUILT_PRODUCTS_DIR; };
		5580333E1FE2E6FD00F1C3A2 /* BagManIOsUITests.swift */ = {isa = PBXFileReference; lastKnownFileType = sourcecode.swift; path = BagManIOsUITests.swift; sourceTree = "<group>"; };
		558033401FE2E6FD00F1C3A2 /* Info.plist */ = {isa = PBXFileReference; lastKnownFileType = text.plist.xml; path = Info.plist; sourceTree = "<group>"; };
		5580334C1FE2E7EE00F1C3A2 /* BaseModel.swift */ = {isa = PBXFileReference; lastKnownFileType = sourcecode.swift; path = BaseModel.swift; sourceTree = "<group>"; };
		5580334E1FE2E80200F1C3A2 /* Carnet.swift */ = {isa = PBXFileReference; lastKnownFileType = sourcecode.swift; path = Carnet.swift; sourceTree = "<group>"; };
		558033501FE2E80B00F1C3A2 /* Page.swift */ = {isa = PBXFileReference; lastKnownFileType = sourcecode.swift; path = Page.swift; sourceTree = "<group>"; };
/* End PBXFileReference section */

/* Begin PBXFrameworksBuildPhase section */
		558033151FE2E6FD00F1C3A2 /* Frameworks */ = {
			isa = PBXFrameworksBuildPhase;
			buildActionMask = 2147483647;
			files = (
				1EDC557620043B98003BD0EC /* SQLite.framework in Frameworks */,
				1EDC557520043B93003BD0EC /* SQLite.framework in Frameworks */,
			);
			runOnlyForDeploymentPostprocessing = 0;
		};
		5580332C1FE2E6FD00F1C3A2 /* Frameworks */ = {
			isa = PBXFrameworksBuildPhase;
			buildActionMask = 2147483647;
			files = (
			);
			runOnlyForDeploymentPostprocessing = 0;
		};
		558033371FE2E6FD00F1C3A2 /* Frameworks */ = {
			isa = PBXFrameworksBuildPhase;
			buildActionMask = 2147483647;
			files = (
			);
			runOnlyForDeploymentPostprocessing = 0;
		};
/* End PBXFrameworksBuildPhase section */

/* Begin PBXGroup section */
		1E1120CB1FE820BB00742C08 /* View */ = {
			isa = PBXGroup;
			children = (
				1EED1A401FEA8AC400B118E4 /* CarnetListView.swift */,
				1E323AFD1FEC491F0059999F /* PageListView.swift */,
				1E323B031FEC85B90059999F /* PageView.swift */,
				1E4564491FF179E7003C8EF3 /* RegisterViewController.swift */,
				1E4564511FF1AE4A003C8EF3 /* LoginViewController.swift */,
				1E0EC1431FF27F1300449C4C /* CreateCarnetView.swift */,
				1E0EC1451FF27F3100449C4C /* CreatePageView.swift */,
			);
			path = View;
			sourceTree = "<group>";
		};
		1E3A03F21FF408AE002F0AF4 /* IQKeyboardManagerSwift */ = {
			isa = PBXGroup;
			children = (
				1E3A03F31FF408AE002F0AF4 /* IQTextView */,
				1E3A03F51FF408AE002F0AF4 /* IQToolbar */,
				1E3A03FB1FF408AE002F0AF4 /* Constants */,
				1E3A03FE1FF408AE002F0AF4 /* Resources */,
				1E3A04001FF408AE002F0AF4 /* IQKeyboardReturnKeyHandler.swift */,
				1E3A04011FF408AE002F0AF4 /* IQKeyboardManager.swift */,
				1E3A04021FF408AE002F0AF4 /* IQKeyboardManagerSwift.h */,
				1E3A04031FF408AE002F0AF4 /* Categories */,
			);
			name = IQKeyboardManagerSwift;
			path = "../../../Downloads/IQKeyboardManager-master/IQKeyboardManagerSwift";
			sourceTree = "<group>";
		};
		1E3A03F31FF408AE002F0AF4 /* IQTextView */ = {
			isa = PBXGroup;
			children = (
				1E3A03F41FF408AE002F0AF4 /* IQTextView.swift */,
			);
			path = IQTextView;
			sourceTree = "<group>";
		};
		1E3A03F51FF408AE002F0AF4 /* IQToolbar */ = {
			isa = PBXGroup;
			children = (
				1E3A03F61FF408AE002F0AF4 /* IQPreviousNextView.swift */,
				1E3A03F71FF408AE002F0AF4 /* IQTitleBarButtonItem.swift */,
				1E3A03F81FF408AE002F0AF4 /* IQBarButtonItem.swift */,
				1E3A03F91FF408AE002F0AF4 /* IQToolbar.swift */,
				1E3A03FA1FF408AE002F0AF4 /* IQUIView+IQKeyboardToolbar.swift */,
			);
			path = IQToolbar;
			sourceTree = "<group>";
		};
		1E3A03FB1FF408AE002F0AF4 /* Constants */ = {
			isa = PBXGroup;
			children = (
				1E3A03FC1FF408AE002F0AF4 /* IQKeyboardManagerConstantsInternal.swift */,
				1E3A03FD1FF408AE002F0AF4 /* IQKeyboardManagerConstants.swift */,
			);
			path = Constants;
			sourceTree = "<group>";
		};
		1E3A03FE1FF408AE002F0AF4 /* Resources */ = {
			isa = PBXGroup;
			children = (
				1E3A03FF1FF408AE002F0AF4 /* IQKeyboardManager.bundle */,
			);
			path = Resources;
			sourceTree = "<group>";
		};
		1E3A04031FF408AE002F0AF4 /* Categories */ = {
			isa = PBXGroup;
			children = (
				1E3A04041FF408AE002F0AF4 /* IQUIWindow+Hierarchy.swift */,
				1E3A04051FF408AE002F0AF4 /* IQUIScrollView+Additions.swift */,
				1E3A04061FF408AE002F0AF4 /* IQUIViewController+Additions.swift */,
				1E3A04071FF408AE002F0AF4 /* IQUITextFieldView+Additions.swift */,
				1E3A04081FF408AE002F0AF4 /* IQUIView+Hierarchy.swift */,
				1E3A04091FF408AE002F0AF4 /* IQNSArray+Sort.swift */,
			);
			path = Categories;
			sourceTree = "<group>";
		};
		1E78AABD2003ACFF00E633A9 /* Products */ = {
			isa = PBXGroup;
			children = (
				1E78AAC72003ACFF00E633A9 /* SQLite.framework */,
				1E78AAC92003ACFF00E633A9 /* SQLiteTests iOS.xctest */,
				1E78AACB2003ACFF00E633A9 /* SQLite.framework */,
				1E78AACD2003ACFF00E633A9 /* SQLiteTests Mac.xctest */,
				1E78AACF2003ACFF00E633A9 /* SQLite.framework */,
				1E78AAD12003ACFF00E633A9 /* SQLiteTests tvOS.xctest */,
				1E78AAD32003ACFF00E633A9 /* SQLite.framework */,
			);
			name = Products;
			sourceTree = "<group>";
		};
		1EC4E20F1FE6D40E0010A964 /* Config */ = {
			isa = PBXGroup;
			children = (
				1EC4E21A1FE6D5980010A964 /* Bdd.swift */,
			);
			path = Config;
			sourceTree = "<group>";
		};
		1EC4E2111FE6D4460010A964 /* Model */ = {
			isa = PBXGroup;
			children = (
				5580334C1FE2E7EE00F1C3A2 /* BaseModel.swift */,
				5580334E1FE2E80200F1C3A2 /* Carnet.swift */,
				558033501FE2E80B00F1C3A2 /* Page.swift */,
				1EED1A481FEAA95500B118E4 /* DAO.swift */,
			);
			path = Model;
			sourceTree = "<group>";
		};
		1EC4E21C1FE6D5AA0010A964 /* Frameworks */ = {
			isa = PBXGroup;
			children = (
				5516CE471FEBE64000F5BBC4 /* BagManIOs */,
				5516CE431FEBE57700F5BBC4 /* BagManIOs.xcodeproj */,
			);
			name = Frameworks;
			sourceTree = "<group>";
		};
		5516CE441FEBE57700F5BBC4 /* Products */ = {
			isa = PBXGroup;
			children = (
			);
			name = Products;
			sourceTree = "<group>";
		};
		5580330F1FE2E6FD00F1C3A2 = {
			isa = PBXGroup;
			children = (
				5580331A1FE2E6FD00F1C3A2 /* BagManIOs */,
				558033321FE2E6FD00F1C3A2 /* BagManIOsTests */,
				5580333D1FE2E6FD00F1C3A2 /* BagManIOsUITests */,
				558033191FE2E6FD00F1C3A2 /* Products */,
				1E78AABC2003ACFF00E633A9 /* SQLite.xcodeproj */,
				1EC4E21C1FE6D5AA0010A964 /* Frameworks */,
			);
			sourceTree = "<group>";
		};
		558033191FE2E6FD00F1C3A2 /* Products */ = {
			isa = PBXGroup;
			children = (
				558033181FE2E6FD00F1C3A2 /* BagManIOs.app */,
				5580332F1FE2E6FD00F1C3A2 /* BagManIOsTests.xctest */,
				5580333A1FE2E6FD00F1C3A2 /* BagManIOsUITests.xctest */,
			);
			name = Products;
			sourceTree = "<group>";
		};
		5580331A1FE2E6FD00F1C3A2 /* BagManIOs */ = {
			isa = PBXGroup;
			children = (
				1E7C1BCB1FF5B37D00D1A2EF /* BagManIOs.entitlements */,
				1E3A03F21FF408AE002F0AF4 /* IQKeyboardManagerSwift */,
				1E1120CB1FE820BB00742C08 /* View */,
				1EC4E2111FE6D4460010A964 /* Model */,
				1EC4E20F1FE6D40E0010A964 /* Config */,
				5580331B1FE2E6FD00F1C3A2 /* AppDelegate.swift */,
				5580331F1FE2E6FD00F1C3A2 /* Main.storyboard */,
				558033251FE2E6FD00F1C3A2 /* Assets.xcassets */,
				558033271FE2E6FD00F1C3A2 /* LaunchScreen.storyboard */,
				5580332A1FE2E6FD00F1C3A2 /* Info.plist */,
				558033221FE2E6FD00F1C3A2 /* BagManIOs.xcdatamodeld */,
			);
			path = BagManIOs;
			sourceTree = "<group>";
		};
		558033321FE2E6FD00F1C3A2 /* BagManIOsTests */ = {
			isa = PBXGroup;
			children = (
				558033331FE2E6FD00F1C3A2 /* BagManIOsTests.swift */,
				558033351FE2E6FD00F1C3A2 /* Info.plist */,
			);
			path = BagManIOsTests;
			sourceTree = "<group>";
		};
		5580333D1FE2E6FD00F1C3A2 /* BagManIOsUITests */ = {
			isa = PBXGroup;
			children = (
				5580333E1FE2E6FD00F1C3A2 /* BagManIOsUITests.swift */,
				558033401FE2E6FD00F1C3A2 /* Info.plist */,
			);
			path = BagManIOsUITests;
			sourceTree = "<group>";
		};
/* End PBXGroup section */

/* Begin PBXNativeTarget section */
		558033171FE2E6FD00F1C3A2 /* BagManIOs */ = {
			isa = PBXNativeTarget;
			buildConfigurationList = 558033431FE2E6FD00F1C3A2 /* Build configuration list for PBXNativeTarget "BagManIOs" */;
			buildPhases = (
				558033141FE2E6FD00F1C3A2 /* Sources */,
				558033151FE2E6FD00F1C3A2 /* Frameworks */,
				558033161FE2E6FD00F1C3A2 /* Resources */,
				1EDC557A20043B98003BD0EC /* Embed Frameworks */,
			);
			buildRules = (
			);
			dependencies = (
				1EDC557920043B98003BD0EC /* PBXTargetDependency */,
			);
			name = BagManIOs;
			productName = BagManIOs;
			productReference = 558033181FE2E6FD00F1C3A2 /* BagManIOs.app */;
			productType = "com.apple.product-type.application";
		};
		5580332E1FE2E6FD00F1C3A2 /* BagManIOsTests */ = {
			isa = PBXNativeTarget;
			buildConfigurationList = 558033461FE2E6FD00F1C3A2 /* Build configuration list for PBXNativeTarget "BagManIOsTests" */;
			buildPhases = (
				5580332B1FE2E6FD00F1C3A2 /* Sources */,
				5580332C1FE2E6FD00F1C3A2 /* Frameworks */,
				5580332D1FE2E6FD00F1C3A2 /* Resources */,
			);
			buildRules = (
			);
			dependencies = (
				558033311FE2E6FD00F1C3A2 /* PBXTargetDependency */,
			);
			name = BagManIOsTests;
			productName = BagManIOsTests;
			productReference = 5580332F1FE2E6FD00F1C3A2 /* BagManIOsTests.xctest */;
			productType = "com.apple.product-type.bundle.unit-test";
		};
		558033391FE2E6FD00F1C3A2 /* BagManIOsUITests */ = {
			isa = PBXNativeTarget;
			buildConfigurationList = 558033491FE2E6FD00F1C3A2 /* Build configuration list for PBXNativeTarget "BagManIOsUITests" */;
			buildPhases = (
				558033361FE2E6FD00F1C3A2 /* Sources */,
				558033371FE2E6FD00F1C3A2 /* Frameworks */,
				558033381FE2E6FD00F1C3A2 /* Resources */,
			);
			buildRules = (
			);
			dependencies = (
				5580333C1FE2E6FD00F1C3A2 /* PBXTargetDependency */,
			);
			name = BagManIOsUITests;
			productName = BagManIOsUITests;
			productReference = 5580333A1FE2E6FD00F1C3A2 /* BagManIOsUITests.xctest */;
			productType = "com.apple.product-type.bundle.ui-testing";
		};
/* End PBXNativeTarget section */

/* Begin PBXProject section */
		558033101FE2E6FD00F1C3A2 /* Project object */ = {
			isa = PBXProject;
			attributes = {
				LastSwiftUpdateCheck = 0910;
				LastUpgradeCheck = 0920;
				ORGANIZATIONNAME = utt;
				TargetAttributes = {
					558033171FE2E6FD00F1C3A2 = {
						CreatedOnToolsVersion = 9.1;
						ProvisioningStyle = Automatic;
						SystemCapabilities = {
							com.apple.DataProtection = {
								enabled = 0;
							};
						};
					};
					5580332E1FE2E6FD00F1C3A2 = {
						CreatedOnToolsVersion = 9.1;
						ProvisioningStyle = Automatic;
						TestTargetID = 558033171FE2E6FD00F1C3A2;
					};
					558033391FE2E6FD00F1C3A2 = {
						CreatedOnToolsVersion = 9.1;
						ProvisioningStyle = Automatic;
						TestTargetID = 558033171FE2E6FD00F1C3A2;
					};
				};
			};
			buildConfigurationList = 558033131FE2E6FD00F1C3A2 /* Build configuration list for PBXProject "BagManIOs" */;
			compatibilityVersion = "Xcode 8.0";
			developmentRegion = en;
			hasScannedForEncodings = 0;
			knownRegions = (
				en,
				Base,
			);
			mainGroup = 5580330F1FE2E6FD00F1C3A2;
			productRefGroup = 558033191FE2E6FD00F1C3A2 /* Products */;
			projectDirPath = "";
			projectReferences = (
				{
					ProductGroup = 5516CE441FEBE57700F5BBC4 /* Products */;
					ProjectRef = 5516CE431FEBE57700F5BBC4 /* BagManIOs.xcodeproj */;
				},
				{
					ProductGroup = 1E78AABD2003ACFF00E633A9 /* Products */;
					ProjectRef = 1E78AABC2003ACFF00E633A9 /* SQLite.xcodeproj */;
				},
			);
			projectRoot = "";
			targets = (
				558033171FE2E6FD00F1C3A2 /* BagManIOs */,
				5580332E1FE2E6FD00F1C3A2 /* BagManIOsTests */,
				558033391FE2E6FD00F1C3A2 /* BagManIOsUITests */,
			);
		};
/* End PBXProject section */

/* Begin PBXReferenceProxy section */
		1E78AAC72003ACFF00E633A9 /* SQLite.framework */ = {
			isa = PBXReferenceProxy;
			fileType = wrapper.framework;
			path = SQLite.framework;
			remoteRef = 1E78AAC62003ACFF00E633A9 /* PBXContainerItemProxy */;
			sourceTree = BUILT_PRODUCTS_DIR;
		};
		1E78AAC92003ACFF00E633A9 /* SQLiteTests iOS.xctest */ = {
			isa = PBXReferenceProxy;
			fileType = wrapper.cfbundle;
			path = "SQLiteTests iOS.xctest";
			remoteRef = 1E78AAC82003ACFF00E633A9 /* PBXContainerItemProxy */;
			sourceTree = BUILT_PRODUCTS_DIR;
		};
		1E78AACB2003ACFF00E633A9 /* SQLite.framework */ = {
			isa = PBXReferenceProxy;
			fileType = wrapper.framework;
			path = SQLite.framework;
			remoteRef = 1E78AACA2003ACFF00E633A9 /* PBXContainerItemProxy */;
			sourceTree = BUILT_PRODUCTS_DIR;
		};
		1E78AACD2003ACFF00E633A9 /* SQLiteTests Mac.xctest */ = {
			isa = PBXReferenceProxy;
			fileType = wrapper.cfbundle;
			path = "SQLiteTests Mac.xctest";
			remoteRef = 1E78AACC2003ACFF00E633A9 /* PBXContainerItemProxy */;
			sourceTree = BUILT_PRODUCTS_DIR;
		};
		1E78AACF2003ACFF00E633A9 /* SQLite.framework */ = {
			isa = PBXReferenceProxy;
			fileType = wrapper.framework;
			path = SQLite.framework;
			remoteRef = 1E78AACE2003ACFF00E633A9 /* PBXContainerItemProxy */;
			sourceTree = BUILT_PRODUCTS_DIR;
		};
		1E78AAD12003ACFF00E633A9 /* SQLiteTests tvOS.xctest */ = {
			isa = PBXReferenceProxy;
			fileType = wrapper.cfbundle;
			path = "SQLiteTests tvOS.xctest";
			remoteRef = 1E78AAD02003ACFF00E633A9 /* PBXContainerItemProxy */;
			sourceTree = BUILT_PRODUCTS_DIR;
		};
		1E78AAD32003ACFF00E633A9 /* SQLite.framework */ = {
			isa = PBXReferenceProxy;
			fileType = wrapper.framework;
			path = SQLite.framework;
			remoteRef = 1E78AAD22003ACFF00E633A9 /* PBXContainerItemProxy */;
			sourceTree = BUILT_PRODUCTS_DIR;
		};
/* End PBXReferenceProxy section */

/* Begin PBXResourcesBuildPhase section */
		558033161FE2E6FD00F1C3A2 /* Resources */ = {
			isa = PBXResourcesBuildPhase;
			buildActionMask = 2147483647;
			files = (
				558033291FE2E6FD00F1C3A2 /* LaunchScreen.storyboard in Resources */,
				558033261FE2E6FD00F1C3A2 /* Assets.xcassets in Resources */,
				1E3A04121FF408AE002F0AF4 /* IQKeyboardManager.bundle in Resources */,
				558033211FE2E6FD00F1C3A2 /* Main.storyboard in Resources */,
			);
			runOnlyForDeploymentPostprocessing = 0;
		};
		5580332D1FE2E6FD00F1C3A2 /* Resources */ = {
			isa = PBXResourcesBuildPhase;
			buildActionMask = 2147483647;
			files = (
			);
			runOnlyForDeploymentPostprocessing = 0;
		};
		558033381FE2E6FD00F1C3A2 /* Resources */ = {
			isa = PBXResourcesBuildPhase;
			buildActionMask = 2147483647;
			files = (
			);
			runOnlyForDeploymentPostprocessing = 0;
		};
/* End PBXResourcesBuildPhase section */

/* Begin PBXSourcesBuildPhase section */
		558033141FE2E6FD00F1C3A2 /* Sources */ = {
			isa = PBXSourcesBuildPhase;
			buildActionMask = 2147483647;
			files = (
				1E3A041A1FF408AE002F0AF4 /* IQNSArray+Sort.swift in Sources */,
				1E3A04111FF408AE002F0AF4 /* IQKeyboardManagerConstants.swift in Sources */,
				1E3A040F1FF408AE002F0AF4 /* IQUIView+IQKeyboardToolbar.swift in Sources */,
				1E3A04131FF408AE002F0AF4 /* IQKeyboardReturnKeyHandler.swift in Sources */,
				1EC4E21B1FE6D5980010A964 /* Bdd.swift in Sources */,
				5580334F1FE2E80200F1C3A2 /* Carnet.swift in Sources */,
				1E3A04101FF408AE002F0AF4 /* IQKeyboardManagerConstantsInternal.swift in Sources */,
				558033241FE2E6FD00F1C3A2 /* BagManIOs.xcdatamodeld in Sources */,
				1E3A040E1FF408AE002F0AF4 /* IQToolbar.swift in Sources */,
				1E3A040D1FF408AE002F0AF4 /* IQBarButtonItem.swift in Sources */,
				1E45644A1FF179E7003C8EF3 /* RegisterViewController.swift in Sources */,
				1E3A04171FF408AE002F0AF4 /* IQUIViewController+Additions.swift in Sources */,
				1EED1A491FEAA95500B118E4 /* DAO.swift in Sources */,
				1E3A040A1FF408AE002F0AF4 /* IQTextView.swift in Sources */,
				1EED1A411FEA8AC400B118E4 /* CarnetListView.swift in Sources */,
				1E323AFE1FEC491F0059999F /* PageListView.swift in Sources */,
				558033511FE2E80B00F1C3A2 /* Page.swift in Sources */,
				1E3A040C1FF408AE002F0AF4 /* IQTitleBarButtonItem.swift in Sources */,
				1E3A04141FF408AE002F0AF4 /* IQKeyboardManager.swift in Sources */,
				1E3A04161FF408AE002F0AF4 /* IQUIScrollView+Additions.swift in Sources */,
				1E0EC1441FF27F1300449C4C /* CreateCarnetView.swift in Sources */,
				1E323B041FEC85B90059999F /* PageView.swift in Sources */,
				5580334D1FE2E7EE00F1C3A2 /* BaseModel.swift in Sources */,
				1E4564521FF1AE4A003C8EF3 /* LoginViewController.swift in Sources */,
				1E0EC1461FF27F3100449C4C /* CreatePageView.swift in Sources */,
				1E3A04181FF408AE002F0AF4 /* IQUITextFieldView+Additions.swift in Sources */,
				1E3A04151FF408AE002F0AF4 /* IQUIWindow+Hierarchy.swift in Sources */,
				1E3A040B1FF408AE002F0AF4 /* IQPreviousNextView.swift in Sources */,
				1E3A04191FF408AE002F0AF4 /* IQUIView+Hierarchy.swift in Sources */,
				5580331C1FE2E6FD00F1C3A2 /* AppDelegate.swift in Sources */,
			);
			runOnlyForDeploymentPostprocessing = 0;
		};
		5580332B1FE2E6FD00F1C3A2 /* Sources */ = {
			isa = PBXSourcesBuildPhase;
			buildActionMask = 2147483647;
			files = (
				558033341FE2E6FD00F1C3A2 /* BagManIOsTests.swift in Sources */,
			);
			runOnlyForDeploymentPostprocessing = 0;
		};
		558033361FE2E6FD00F1C3A2 /* Sources */ = {
			isa = PBXSourcesBuildPhase;
			buildActionMask = 2147483647;
			files = (
				5580333F1FE2E6FD00F1C3A2 /* BagManIOsUITests.swift in Sources */,
			);
			runOnlyForDeploymentPostprocessing = 0;
		};
/* End PBXSourcesBuildPhase section */

/* Begin PBXTargetDependency section */
		1EDC557920043B98003BD0EC /* PBXTargetDependency */ = {
			isa = PBXTargetDependency;
			name = "SQLite iOS";
			targetProxy = 1EDC557820043B98003BD0EC /* PBXContainerItemProxy */;
		};
		558033311FE2E6FD00F1C3A2 /* PBXTargetDependency */ = {
			isa = PBXTargetDependency;
			target = 558033171FE2E6FD00F1C3A2 /* BagManIOs */;
			targetProxy = 558033301FE2E6FD00F1C3A2 /* PBXContainerItemProxy */;
		};
		5580333C1FE2E6FD00F1C3A2 /* PBXTargetDependency */ = {
			isa = PBXTargetDependency;
			target = 558033171FE2E6FD00F1C3A2 /* BagManIOs */;
			targetProxy = 5580333B1FE2E6FD00F1C3A2 /* PBXContainerItemProxy */;
		};
/* End PBXTargetDependency section */

/* Begin PBXVariantGroup section */
		5580331F1FE2E6FD00F1C3A2 /* Main.storyboard */ = {
			isa = PBXVariantGroup;
			children = (
				558033201FE2E6FD00F1C3A2 /* Base */,
			);
			name = Main.storyboard;
			sourceTree = "<group>";
		};
		558033271FE2E6FD00F1C3A2 /* LaunchScreen.storyboard */ = {
			isa = PBXVariantGroup;
			children = (
				558033281FE2E6FD00F1C3A2 /* Base */,
			);
			name = LaunchScreen.storyboard;
			sourceTree = "<group>";
		};
/* End PBXVariantGroup section */

/* Begin XCBuildConfiguration section */
		558033411FE2E6FD00F1C3A2 /* Debug */ = {
			isa = XCBuildConfiguration;
			buildSettings = {
				ALWAYS_SEARCH_USER_PATHS = NO;
				CLANG_ANALYZER_LOCALIZABILITY_NONLOCALIZED = YES;
				CLANG_ANALYZER_NONNULL = YES;
				CLANG_ANALYZER_NUMBER_OBJECT_CONVERSION = YES_AGGRESSIVE;
				CLANG_CXX_LANGUAGE_STANDARD = "gnu++14";
				CLANG_CXX_LIBRARY = "libc++";
				CLANG_ENABLE_MODULES = YES;
				CLANG_ENABLE_OBJC_ARC = YES;
				CLANG_WARN_BLOCK_CAPTURE_AUTORELEASING = YES;
				CLANG_WARN_BOOL_CONVERSION = YES;
				CLANG_WARN_COMMA = YES;
				CLANG_WARN_CONSTANT_CONVERSION = YES;
				CLANG_WARN_DIRECT_OBJC_ISA_USAGE = YES_ERROR;
				CLANG_WARN_DOCUMENTATION_COMMENTS = YES;
				CLANG_WARN_EMPTY_BODY = YES;
				CLANG_WARN_ENUM_CONVERSION = YES;
				CLANG_WARN_INFINITE_RECURSION = YES;
				CLANG_WARN_INT_CONVERSION = YES;
				CLANG_WARN_NON_LITERAL_NULL_CONVERSION = YES;
				CLANG_WARN_OBJC_LITERAL_CONVERSION = YES;
				CLANG_WARN_OBJC_ROOT_CLASS = YES_ERROR;
				CLANG_WARN_RANGE_LOOP_ANALYSIS = YES;
				CLANG_WARN_STRICT_PROTOTYPES = YES;
				CLANG_WARN_SUSPICIOUS_MOVE = YES;
				CLANG_WARN_UNGUARDED_AVAILABILITY = YES_AGGRESSIVE;
				CLANG_WARN_UNREACHABLE_CODE = YES;
				CLANG_WARN__DUPLICATE_METHOD_MATCH = YES;
				CODE_SIGN_IDENTITY = "iPhone Developer";
				COPY_PHASE_STRIP = NO;
				DEBUG_INFORMATION_FORMAT = dwarf;
				DEVELOPMENT_TEAM = MU7B756EAE;
				ENABLE_STRICT_OBJC_MSGSEND = YES;
				ENABLE_TESTABILITY = YES;
				GCC_C_LANGUAGE_STANDARD = gnu11;
				GCC_DYNAMIC_NO_PIC = NO;
				GCC_NO_COMMON_BLOCKS = YES;
				GCC_OPTIMIZATION_LEVEL = 0;
				GCC_PREPROCESSOR_DEFINITIONS = (
					"DEBUG=1",
					"$(inherited)",
				);
				GCC_WARN_64_TO_32_BIT_CONVERSION = YES;
				GCC_WARN_ABOUT_RETURN_TYPE = YES_ERROR;
				GCC_WARN_UNDECLARED_SELECTOR = YES;
				GCC_WARN_UNINITIALIZED_AUTOS = YES_AGGRESSIVE;
				GCC_WARN_UNUSED_FUNCTION = YES;
				GCC_WARN_UNUSED_VARIABLE = YES;
				HEADER_SEARCH_PATHS = "";
				IPHONEOS_DEPLOYMENT_TARGET = 11.1;
				MTL_ENABLE_DEBUG_INFO = YES;
				ONLY_ACTIVE_ARCH = YES;
				OTHER_CFLAGS = "";
				OTHER_LDFLAGS = "";
				SDKROOT = iphoneos;
				SWIFT_ACTIVE_COMPILATION_CONDITIONS = DEBUG;
				SWIFT_OPTIMIZATION_LEVEL = "-Onone";
			};
			name = Debug;
		};
		558033421FE2E6FD00F1C3A2 /* Release */ = {
			isa = XCBuildConfiguration;
			buildSettings = {
				ALWAYS_SEARCH_USER_PATHS = NO;
				CLANG_ANALYZER_LOCALIZABILITY_NONLOCALIZED = YES;
				CLANG_ANALYZER_NONNULL = YES;
				CLANG_ANALYZER_NUMBER_OBJECT_CONVERSION = YES_AGGRESSIVE;
				CLANG_CXX_LANGUAGE_STANDARD = "gnu++14";
				CLANG_CXX_LIBRARY = "libc++";
				CLANG_ENABLE_MODULES = YES;
				CLANG_ENABLE_OBJC_ARC = YES;
				CLANG_WARN_BLOCK_CAPTURE_AUTORELEASING = YES;
				CLANG_WARN_BOOL_CONVERSION = YES;
				CLANG_WARN_COMMA = YES;
				CLANG_WARN_CONSTANT_CONVERSION = YES;
				CLANG_WARN_DIRECT_OBJC_ISA_USAGE = YES_ERROR;
				CLANG_WARN_DOCUMENTATION_COMMENTS = YES;
				CLANG_WARN_EMPTY_BODY = YES;
				CLANG_WARN_ENUM_CONVERSION = YES;
				CLANG_WARN_INFINITE_RECURSION = YES;
				CLANG_WARN_INT_CONVERSION = YES;
				CLANG_WARN_NON_LITERAL_NULL_CONVERSION = YES;
				CLANG_WARN_OBJC_LITERAL_CONVERSION = YES;
				CLANG_WARN_OBJC_ROOT_CLASS = YES_ERROR;
				CLANG_WARN_RANGE_LOOP_ANALYSIS = YES;
				CLANG_WARN_STRICT_PROTOTYPES = YES;
				CLANG_WARN_SUSPICIOUS_MOVE = YES;
				CLANG_WARN_UNGUARDED_AVAILABILITY = YES_AGGRESSIVE;
				CLANG_WARN_UNREACHABLE_CODE = YES;
				CLANG_WARN__DUPLICATE_METHOD_MATCH = YES;
				CODE_SIGN_IDENTITY = "iPhone Developer";
				COPY_PHASE_STRIP = NO;
				DEBUG_INFORMATION_FORMAT = "dwarf-with-dsym";
				DEVELOPMENT_TEAM = MU7B756EAE;
				ENABLE_NS_ASSERTIONS = NO;
				ENABLE_STRICT_OBJC_MSGSEND = YES;
				GCC_C_LANGUAGE_STANDARD = gnu11;
				GCC_NO_COMMON_BLOCKS = YES;
				GCC_PREPROCESSOR_DEFINITIONS = "";
				GCC_WARN_64_TO_32_BIT_CONVERSION = YES;
				GCC_WARN_ABOUT_RETURN_TYPE = YES_ERROR;
				GCC_WARN_UNDECLARED_SELECTOR = YES;
				GCC_WARN_UNINITIALIZED_AUTOS = YES_AGGRESSIVE;
				GCC_WARN_UNUSED_FUNCTION = YES;
				GCC_WARN_UNUSED_VARIABLE = YES;
				HEADER_SEARCH_PATHS = "";
				IPHONEOS_DEPLOYMENT_TARGET = 11.1;
				MTL_ENABLE_DEBUG_INFO = NO;
				OTHER_CFLAGS = "";
				OTHER_LDFLAGS = "";
				SDKROOT = iphoneos;
				SWIFT_OPTIMIZATION_LEVEL = "-Owholemodule";
				VALIDATE_PRODUCT = YES;
			};
			name = Release;
		};
		558033441FE2E6FD00F1C3A2 /* Debug */ = {
			isa = XCBuildConfiguration;
			buildSettings = {
				ALWAYS_EMBED_SWIFT_STANDARD_LIBRARIES = YES;
				ASSETCATALOG_COMPILER_APPICON_NAME = AppIcon;
				CODE_SIGN_STYLE = Automatic;
				FRAMEWORK_SEARCH_PATHS = "";
				GCC_PREPROCESSOR_DEFINITIONS = (
					"DEBUG=1",
					"$(inherited)",
				);
				INFOPLIST_FILE = BagManIOs/Info.plist;
				LD_RUNPATH_SEARCH_PATHS = "$(inherited) @executable_path/Frameworks";
				OTHER_CFLAGS = "";
				OTHER_LDFLAGS = "";
				PRODUCT_BUNDLE_IDENTIFIER = utt.BagManIOs;
				PRODUCT_NAME = "$(TARGET_NAME)";
				SWIFT_VERSION = 4.0;
				TARGETED_DEVICE_FAMILY = 1;
			};
			name = Debug;
		};
		558033451FE2E6FD00F1C3A2 /* Release */ = {
			isa = XCBuildConfiguration;
			buildSettings = {
				ALWAYS_EMBED_SWIFT_STANDARD_LIBRARIES = YES;
				ASSETCATALOG_COMPILER_APPICON_NAME = AppIcon;
				CODE_SIGN_STYLE = Automatic;
				FRAMEWORK_SEARCH_PATHS = "";
				GCC_PREPROCESSOR_DEFINITIONS = "";
				"GCC_PREPROCESSOR_DEFINITIONS[arch=*]" = "";
				INFOPLIST_FILE = BagManIOs/Info.plist;
				LD_RUNPATH_SEARCH_PATHS = "$(inherited) @executable_path/Frameworks";
				OTHER_CFLAGS = "";
				OTHER_LDFLAGS = "";
				PRODUCT_BUNDLE_IDENTIFIER = utt.BagManIOs;
				PRODUCT_NAME = "$(TARGET_NAME)";
				SWIFT_VERSION = 4.0;
				TARGETED_DEVICE_FAMILY = 1;
			};
			name = Release;
		};
		558033471FE2E6FD00F1C3A2 /* Debug */ = {
			isa = XCBuildConfiguration;
			buildSettings = {
				ALWAYS_EMBED_SWIFT_STANDARD_LIBRARIES = YES;
				BUNDLE_LOADER = "$(TEST_HOST)";
				CODE_SIGN_STYLE = Automatic;
				INFOPLIST_FILE = BagManIOsTests/Info.plist;
				LD_RUNPATH_SEARCH_PATHS = "$(inherited) @executable_path/Frameworks @loader_path/Frameworks";
				PRODUCT_BUNDLE_IDENTIFIER = utt.BagManIOsTests;
				PRODUCT_NAME = "$(TARGET_NAME)";
				SWIFT_VERSION = 4.0;
				TARGETED_DEVICE_FAMILY = "1,2";
				TEST_HOST = "$(BUILT_PRODUCTS_DIR)/BagManIOs.app/BagManIOs";
			};
			name = Debug;
		};
		558033481FE2E6FD00F1C3A2 /* Release */ = {
			isa = XCBuildConfiguration;
			buildSettings = {
				ALWAYS_EMBED_SWIFT_STANDARD_LIBRARIES = YES;
				BUNDLE_LOADER = "$(TEST_HOST)";
				CODE_SIGN_STYLE = Automatic;
				INFOPLIST_FILE = BagManIOsTests/Info.plist;
				LD_RUNPATH_SEARCH_PATHS = "$(inherited) @executable_path/Frameworks @loader_path/Frameworks";
				PRODUCT_BUNDLE_IDENTIFIER = utt.BagManIOsTests;
				PRODUCT_NAME = "$(TARGET_NAME)";
				SWIFT_VERSION = 4.0;
				TARGETED_DEVICE_FAMILY = "1,2";
				TEST_HOST = "$(BUILT_PRODUCTS_DIR)/BagManIOs.app/BagManIOs";
			};
			name = Release;
		};
		5580334A1FE2E6FD00F1C3A2 /* Debug */ = {
			isa = XCBuildConfiguration;
			buildSettings = {
				ALWAYS_EMBED_SWIFT_STANDARD_LIBRARIES = YES;
				CODE_SIGN_STYLE = Automatic;
				INFOPLIST_FILE = BagManIOsUITests/Info.plist;
				LD_RUNPATH_SEARCH_PATHS = "$(inherited) @executable_path/Frameworks @loader_path/Frameworks";
				PRODUCT_BUNDLE_IDENTIFIER = utt.BagManIOsUITests;
				PRODUCT_NAME = "$(TARGET_NAME)";
				SWIFT_VERSION = 4.0;
				TARGETED_DEVICE_FAMILY = "1,2";
				TEST_TARGET_NAME = BagManIOs;
			};
			name = Debug;
		};
		5580334B1FE2E6FD00F1C3A2 /* Release */ = {
			isa = XCBuildConfiguration;
			buildSettings = {
				ALWAYS_EMBED_SWIFT_STANDARD_LIBRARIES = YES;
				CODE_SIGN_STYLE = Automatic;
				INFOPLIST_FILE = BagManIOsUITests/Info.plist;
				LD_RUNPATH_SEARCH_PATHS = "$(inherited) @executable_path/Frameworks @loader_path/Frameworks";
				PRODUCT_BUNDLE_IDENTIFIER = utt.BagManIOsUITests;
				PRODUCT_NAME = "$(TARGET_NAME)";
				SWIFT_VERSION = 4.0;
				TARGETED_DEVICE_FAMILY = "1,2";
				TEST_TARGET_NAME = BagManIOs;
			};
			name = Release;
		};
/* End XCBuildConfiguration section */

/* Begin XCConfigurationList section */
		558033131FE2E6FD00F1C3A2 /* Build configuration list for PBXProject "BagManIOs" */ = {
			isa = XCConfigurationList;
			buildConfigurations = (
				558033411FE2E6FD00F1C3A2 /* Debug */,
				558033421FE2E6FD00F1C3A2 /* Release */,
			);
			defaultConfigurationIsVisible = 0;
			defaultConfigurationName = Release;
		};
		558033431FE2E6FD00F1C3A2 /* Build configuration list for PBXNativeTarget "BagManIOs" */ = {
			isa = XCConfigurationList;
			buildConfigurations = (
				558033441FE2E6FD00F1C3A2 /* Debug */,
				558033451FE2E6FD00F1C3A2 /* Release */,
			);
			defaultConfigurationIsVisible = 0;
			defaultConfigurationName = Release;
		};
		558033461FE2E6FD00F1C3A2 /* Build configuration list for PBXNativeTarget "BagManIOsTests" */ = {
			isa = XCConfigurationList;
			buildConfigurations = (
				558033471FE2E6FD00F1C3A2 /* Debug */,
				558033481FE2E6FD00F1C3A2 /* Release */,
			);
			defaultConfigurationIsVisible = 0;
			defaultConfigurationName = Release;
		};
		558033491FE2E6FD00F1C3A2 /* Build configuration list for PBXNativeTarget "BagManIOsUITests" */ = {
			isa = XCConfigurationList;
			buildConfigurations = (
				5580334A1FE2E6FD00F1C3A2 /* Debug */,
				5580334B1FE2E6FD00F1C3A2 /* Release */,
			);
			defaultConfigurationIsVisible = 0;
			defaultConfigurationName = Release;
		};
/* End XCConfigurationList section */

/* Begin XCVersionGroup section */
		558033221FE2E6FD00F1C3A2 /* BagManIOs.xcdatamodeld */ = {
			isa = XCVersionGroup;
			children = (
				558033231FE2E6FD00F1C3A2 /* BagManIOs.xcdatamodel */,
			);
			currentVersion = 558033231FE2E6FD00F1C3A2 /* BagManIOs.xcdatamodel */;
			path = BagManIOs.xcdatamodeld;
			sourceTree = "<group>";
			versionGroupType = wrapper.xcdatamodel;
		};
/* End XCVersionGroup section */
	};
	rootObject = 558033101FE2E6FD00F1C3A2 /* Project object */;
}
